
Microsoft Visual Studio Solution File, Format Version 12.00
# Visual Studio Version 16
VisualStudioVersion = 16.0.29806.167
MinimumVisualStudioVersion = 10.0.40219.1
Project("{FAE04EC0-301F-11D3-BF4B-00C04F79EFBC}") = "SeleniumWithGUI", "SeleniumWithGUI\SeleniumWithGUI.csproj", "{1084CD81-39F2-47BF-8ED0-019718912A4E}"
EndProject
Global
	GlobalSection(SolutionConfigurationPlatforms) = preSolution
		Debug|Any CPU = Debug|Any CPU
		Release|Any CPU = Release|Any CPU
	EndGlobalSection
	GlobalSection(ProjectConfigurationPlatforms) = postSolution
		{1084CD81-39F2-47BF-8ED0-019718912A4E}.Debug|Any CPU.ActiveCfg = Debug|Any CPU
		{1084CD81-39F2-47BF-8ED0-019718912A4E}.Debug|Any CPU.Build.0 = Debug|Any CPU
		{1084CD81-39F2-47BF-8ED0-019718912A4E}.Release|Any CPU.ActiveCfg = Release|Any CPU
		{1084CD81-39F2-47BF-8ED0-019718912A4E}.Release|Any CPU.Build.0 = Release|Any CPU
	EndGlobalSection
	GlobalSection(SolutionProperties) = preSolution
		HideSolutionNode = FALSE
	EndGlobalSection
	GlobalSection(ExtensibilityGlobals) = postSolution
		SolutionGuid = {2965AA84-29A1-4B5D-B5E3-C975ABFB8BC4}
	EndGlobalSection
EndGlobal
